// !$*UTF8*$!
{
	archiveVersion = 1;
	classes = {
	};
	objectVersion = 56;
	objects = {

/* Begin PBXBuildFile section */
		8D10B5B92B2F0AD9006E8158 /* AppDelegate.swift in Sources */ = {isa = PBXBuildFile; fileRef = 8D10B5B82B2F0AD9006E8158 /* AppDelegate.swift */; };
		8D10B5BD2B2F0AD9006E8158 /* GeneralViewController.swift in Sources */ = {isa = PBXBuildFile; fileRef = 8D10B5BC2B2F0AD9006E8158 /* GeneralViewController.swift */; };
		8D10B5C22B2F0ADA006E8158 /* Assets.xcassets in Resources */ = {isa = PBXBuildFile; fileRef = 8D10B5C12B2F0ADA006E8158 /* Assets.xcassets */; };
		8D10B5C52B2F0ADA006E8158 /* LaunchScreen.storyboard in Resources */ = {isa = PBXBuildFile; fileRef = 8D10B5C32B2F0ADA006E8158 /* LaunchScreen.storyboard */; };
		8D10B5CD2B2F0C27006E8158 /* TabBarController.swift in Sources */ = {isa = PBXBuildFile; fileRef = 8D10B5CC2B2F0C27006E8158 /* TabBarController.swift */; };
		8D10B5CF2B2F0D20006E8158 /* SpaceViewController.swift in Sources */ = {isa = PBXBuildFile; fileRef = 8D10B5CE2B2F0D20006E8158 /* SpaceViewController.swift */; };
		8D10B5D12B2F0D41006E8158 /* TechViewController.swift in Sources */ = {isa = PBXBuildFile; fileRef = 8D10B5D02B2F0D41006E8158 /* TechViewController.swift */; };
		8D10B5D42B2FD905006E8158 /* SnapKit in Frameworks */ = {isa = PBXBuildFile; productRef = 8D10B5D32B2FD905006E8158 /* SnapKit */; };
		8D10B5D62B2FD905006E8158 /* SnapKit-Dynamic in Frameworks */ = {isa = PBXBuildFile; productRef = 8D10B5D52B2FD905006E8158 /* SnapKit-Dynamic */; };
		8D10B5DC2B2FDB2E006E8158 /* GeneralCollectionViewCell.swift in Sources */ = {isa = PBXBuildFile; fileRef = 8D10B5DB2B2FDB2E006E8158 /* GeneralCollectionViewCell.swift */; };
		8D9277872B39912000CA70A6 /* NewsViewController.swift in Sources */ = {isa = PBXBuildFile; fileRef = 8D9277862B39912000CA70A6 /* NewsViewController.swift */; };
/* End PBXBuildFile section */

/* Begin PBXFileReference section */
		8D10B5B52B2F0AD9006E8158 /* NewsApp.app */ = {isa = PBXFileReference; explicitFileType = wrapper.application; includeInIndex = 0; path = NewsApp.app; sourceTree = BUILT_PRODUCTS_DIR; };
		8D10B5B82B2F0AD9006E8158 /* AppDelegate.swift */ = {isa = PBXFileReference; lastKnownFileType = sourcecode.swift; path = AppDelegate.swift; sourceTree = "<group>"; };
		8D10B5BC2B2F0AD9006E8158 /* GeneralViewController.swift */ = {isa = PBXFileReference; lastKnownFileType = sourcecode.swift; path = GeneralViewController.swift; sourceTree = "<group>"; };
		8D10B5C12B2F0ADA006E8158 /* Assets.xcassets */ = {isa = PBXFileReference; lastKnownFileType = folder.assetcatalog; path = Assets.xcassets; sourceTree = "<group>"; };
		8D10B5C42B2F0ADA006E8158 /* Base */ = {isa = PBXFileReference; lastKnownFileType = file.storyboard; name = Base; path = Base.lproj/LaunchScreen.storyboard; sourceTree = "<group>"; };
		8D10B5C62B2F0ADA006E8158 /* Info.plist */ = {isa = PBXFileReference; lastKnownFileType = text.plist.xml; path = Info.plist; sourceTree = "<group>"; };
		8D10B5CC2B2F0C27006E8158 /* TabBarController.swift */ = {isa = PBXFileReference; lastKnownFileType = sourcecode.swift; path = TabBarController.swift; sourceTree = "<group>"; };
		8D10B5CE2B2F0D20006E8158 /* SpaceViewController.swift */ = {isa = PBXFileReference; lastKnownFileType = sourcecode.swift; path = SpaceViewController.swift; sourceTree = "<group>"; };
		8D10B5D02B2F0D41006E8158 /* TechViewController.swift */ = {isa = PBXFileReference; lastKnownFileType = sourcecode.swift; path = TechViewController.swift; sourceTree = "<group>"; };
		8D10B5DB2B2FDB2E006E8158 /* GeneralCollectionViewCell.swift */ = {isa = PBXFileReference; lastKnownFileType = sourcecode.swift; path = GeneralCollectionViewCell.swift; sourceTree = "<group>"; };
		8D9277862B39912000CA70A6 /* NewsViewController.swift */ = {isa = PBXFileReference; lastKnownFileType = sourcecode.swift; path = NewsViewController.swift; sourceTree = "<group>"; };
/* End PBXFileReference section */

/* Begin PBXFrameworksBuildPhase section */
		8D10B5B22B2F0AD9006E8158 /* Frameworks */ = {
			isa = PBXFrameworksBuildPhase;
			buildActionMask = 2147483647;
			files = (
				8D10B5D42B2FD905006E8158 /* SnapKit in Frameworks */,
				8D10B5D62B2FD905006E8158 /* SnapKit-Dynamic in Frameworks */,
			);
			runOnlyForDeploymentPostprocessing = 0;
		};
/* End PBXFrameworksBuildPhase section */

/* Begin PBXGroup section */
		8D10B5AC2B2F0AD9006E8158 = {
			isa = PBXGroup;
			children = (
				8D10B5B72B2F0AD9006E8158 /* NewsApp */,
				8D10B5B62B2F0AD9006E8158 /* Products */,
			);
			sourceTree = "<group>";
		};
		8D10B5B62B2F0AD9006E8158 /* Products */ = {
			isa = PBXGroup;
			children = (
				8D10B5B52B2F0AD9006E8158 /* NewsApp.app */,
			);
			name = Products;
			sourceTree = "<group>";
		};
		8D10B5B72B2F0AD9006E8158 /* NewsApp */ = {
			isa = PBXGroup;
			children = (
				8D10B5B82B2F0AD9006E8158 /* AppDelegate.swift */,
				8D10B5CC2B2F0C27006E8158 /* TabBarController.swift */,
				8D10B5D72B2FDAEC006E8158 /* General */,
				8D10B5D82B2FDAF9006E8158 /* Space */,
				8D10B5D92B2FDB02006E8158 /* Technology */,
				8D92778A2B39916700CA70A6 /* News */,
				8D10B5C12B2F0ADA006E8158 /* Assets.xcassets */,
				8D10B5C32B2F0ADA006E8158 /* LaunchScreen.storyboard */,
				8D10B5C62B2F0ADA006E8158 /* Info.plist */,
			);
			path = NewsApp;
			sourceTree = "<group>";
		};
		8D10B5D72B2FDAEC006E8158 /* General */ = {
			isa = PBXGroup;
			children = (
				8D10B5DA2B2FDB14006E8158 /* View */,
			);
			path = General;
			sourceTree = "<group>";
		};
		8D10B5D82B2FDAF9006E8158 /* Space */ = {
			isa = PBXGroup;
			children = (
				8D10B5CE2B2F0D20006E8158 /* SpaceViewController.swift */,
			);
			path = Space;
			sourceTree = "<group>";
		};
		8D10B5D92B2FDB02006E8158 /* Technology */ = {
			isa = PBXGroup;
			children = (
				8D10B5D02B2F0D41006E8158 /* TechViewController.swift */,
			);
			path = Technology;
			sourceTree = "<group>";
		};
		8D10B5DA2B2FDB14006E8158 /* View */ = {
			isa = PBXGroup;
			children = (
				8D10B5BC2B2F0AD9006E8158 /* GeneralViewController.swift */,
				8D10B5DB2B2FDB2E006E8158 /* GeneralCollectionViewCell.swift */,
			);
			path = View;
			sourceTree = "<group>";
		};
		8D92778A2B39916700CA70A6 /* News */ = {
			isa = PBXGroup;
			children = (
				8D9277862B39912000CA70A6 /* NewsViewController.swift */,
			);
			path = News;
			sourceTree = "<group>";
		};
/* End PBXGroup section */

/* Begin PBXNativeTarget section */
		8D10B5B42B2F0AD9006E8158 /* NewsApp */ = {
			isa = PBXNativeTarget;
			buildConfigurationList = 8D10B5C92B2F0ADA006E8158 /* Build configuration list for PBXNativeTarget "NewsApp" */;
			buildPhases = (
				8D10B5B12B2F0AD9006E8158 /* Sources */,
				8D10B5B22B2F0AD9006E8158 /* Frameworks */,
				8D10B5B32B2F0AD9006E8158 /* Resources */,
			);
			buildRules = (
			);
			dependencies = (
			);
			name = NewsApp;
			packageProductDependencies = (
				8D10B5D32B2FD905006E8158 /* SnapKit */,
				8D10B5D52B2FD905006E8158 /* SnapKit-Dynamic */,
			);
			productName = NewsApp;
			productReference = 8D10B5B52B2F0AD9006E8158 /* NewsApp.app */;
			productType = "com.apple.product-type.application";
		};
/* End PBXNativeTarget section */

/* Begin PBXProject section */
		8D10B5AD2B2F0AD9006E8158 /* Project object */ = {
			isa = PBXProject;
			attributes = {
				BuildIndependentTargetsInParallel = 1;
				LastSwiftUpdateCheck = 1510;
				LastUpgradeCheck = 1510;
				TargetAttributes = {
					8D10B5B42B2F0AD9006E8158 = {
						CreatedOnToolsVersion = 15.1;
					};
				};
			};
			buildConfigurationList = 8D10B5B02B2F0AD9006E8158 /* Build configuration list for PBXProject "NewsApp" */;
			compatibilityVersion = "Xcode 14.0";
			developmentRegion = en;
			hasScannedForEncodings = 0;
			knownRegions = (
				en,
				Base,
			);
			mainGroup = 8D10B5AC2B2F0AD9006E8158;
			packageReferences = (
				8D10B5D22B2FD904006E8158 /* XCRemoteSwiftPackageReference "SnapKit" */,
			);
			productRefGroup = 8D10B5B62B2F0AD9006E8158 /* Products */;
			projectDirPath = "";
			projectRoot = "";
			targets = (
				8D10B5B42B2F0AD9006E8158 /* NewsApp */,
			);
		};
/* End PBXProject section */

/* Begin PBXResourcesBuildPhase section */
		8D10B5B32B2F0AD9006E8158 /* Resources */ = {
			isa = PBXResourcesBuildPhase;
			buildActionMask = 2147483647;
			files = (
				8D10B5C52B2F0ADA006E8158 /* LaunchScreen.storyboard in Resources */,
				8D10B5C22B2F0ADA006E8158 /* Assets.xcassets in Resources */,
			);
			runOnlyForDeploymentPostprocessing = 0;
		};
/* End PBXResourcesBuildPhase section */

/* Begin PBXSourcesBuildPhase section */
		8D10B5B12B2F0AD9006E8158 /* Sources */ = {
			isa = PBXSourcesBuildPhase;
			buildActionMask = 2147483647;
			files = (
				8D10B5D12B2F0D41006E8158 /* TechViewController.swift in Sources */,
				8D10B5DC2B2FDB2E006E8158 /* GeneralCollectionViewCell.swift in Sources */,
				8D10B5CD2B2F0C27006E8158 /* TabBarController.swift in Sources */,
				8D10B5BD2B2F0AD9006E8158 /* GeneralViewController.swift in Sources */,
				8D9277872B39912000CA70A6 /* NewsViewController.swift in Sources */,
				8D10B5B92B2F0AD9006E8158 /* AppDelegate.swift in Sources */,
				8D10B5CF2B2F0D20006E8158 /* SpaceViewController.swift in Sources */,
			);
			runOnlyForDeploymentPostprocessing = 0;
		};
/* End PBXSourcesBuildPhase section */

/* Begin PBXVariantGroup section */
		8D10B5C32B2F0ADA006E8158 /* LaunchScreen.storyboard */ = {
			isa = PBXVariantGroup;
			children = (
				8D10B5C42B2F0ADA006E8158 /* Base */,
			);
			name = LaunchScreen.storyboard;
			sourceTree = "<group>";
		};
/* End PBXVariantGroup section */

/* Begin XCBuildConfiguration section */
		8D10B5C72B2F0ADA006E8158 /* Debug */ = {
			isa = XCBuildConfiguration;
			buildSettings = {
				ALWAYS_SEARCH_USER_PATHS = NO;
				ASSETCATALOG_COMPILER_GENERATE_SWIFT_ASSET_SYMBOL_EXTENSIONS = YES;
				CLANG_ANALYZER_NONNULL = YES;
				CLANG_ANALYZER_NUMBER_OBJECT_CONVERSION = YES_AGGRESSIVE;
				CLANG_CXX_LANGUAGE_STANDARD = "gnu++20";
				CLANG_ENABLE_MODULES = YES;
				CLANG_ENABLE_OBJC_ARC = YES;
				CLANG_ENABLE_OBJC_WEAK = YES;
				CLANG_WARN_BLOCK_CAPTURE_AUTORELEASING = YES;
				CLANG_WARN_BOOL_CONVERSION = YES;
				CLANG_WARN_COMMA = YES;
				CLANG_WARN_CONSTANT_CONVERSION = YES;
				CLANG_WARN_DEPRECATED_OBJC_IMPLEMENTATIONS = YES;
				CLANG_WARN_DIRECT_OBJC_ISA_USAGE = YES_ERROR;
				CLANG_WARN_DOCUMENTATION_COMMENTS = YES;
				CLANG_WARN_EMPTY_BODY = YES;
				CLANG_WARN_ENUM_CONVERSION = YES;
				CLANG_WARN_INFINITE_RECURSION = YES;
				CLANG_WARN_INT_CONVERSION = YES;
				CLANG_WARN_NON_LITERAL_NULL_CONVERSION = YES;
				CLANG_WARN_OBJC_IMPLICIT_RETAIN_SELF = YES;
				CLANG_WARN_OBJC_LITERAL_CONVERSION = YES;
				CLANG_WARN_OBJC_ROOT_CLASS = YES_ERROR;
				CLANG_WARN_QUOTED_INCLUDE_IN_FRAMEWORK_HEADER = YES;
				CLANG_WARN_RANGE_LOOP_ANALYSIS = YES;
				CLANG_WARN_STRICT_PROTOTYPES = YES;
				CLANG_WARN_SUSPICIOUS_MOVE = YES;
				CLANG_WARN_UNGUARDED_AVAILABILITY = YES_AGGRESSIVE;
				CLANG_WARN_UNREACHABLE_CODE = YES;
				CLANG_WARN__DUPLICATE_METHOD_MATCH = YES;
				COPY_PHASE_STRIP = NO;
				DEBUG_INFORMATION_FORMAT = dwarf;
				ENABLE_STRICT_OBJC_MSGSEND = YES;
				ENABLE_TESTABILITY = YES;
				ENABLE_USER_SCRIPT_SANDBOXING = YES;
				GCC_C_LANGUAGE_STANDARD = gnu17;
				GCC_DYNAMIC_NO_PIC = NO;
				GCC_NO_COMMON_BLOCKS = YES;
				GCC_OPTIMIZATION_LEVEL = 0;
				GCC_PREPROCESSOR_DEFINITIONS = (
					"DEBUG=1",
					"$(inherited)",
				);
				GCC_WARN_64_TO_32_BIT_CONVERSION = YES;
				GCC_WARN_ABOUT_RETURN_TYPE = YES_ERROR;
				GCC_WARN_UNDECLARED_SELECTOR = YES;
				GCC_WARN_UNINITIALIZED_AUTOS = YES_AGGRESSIVE;
				GCC_WARN_UNUSED_FUNCTION = YES;
				GCC_WARN_UNUSED_VARIABLE = YES;
				IPHONEOS_DEPLOYMENT_TARGET = 17.2;
				LOCALIZATION_PREFERS_STRING_CATALOGS = YES;
				MTL_ENABLE_DEBUG_INFO = INCLUDE_SOURCE;
				MTL_FAST_MATH = YES;
				ONLY_ACTIVE_ARCH = YES;
				SDKROOT = iphoneos;
				SWIFT_ACTIVE_COMPILATION_CONDITIONS = "DEBUG $(inherited)";
				SWIFT_OPTIMIZATION_LEVEL = "-Onone";
			};
			name = Debug;
		};
		8D10B5C82B2F0ADA006E8158 /* Release */ = {
			isa = XCBuildConfiguration;
			buildSettings = {
				ALWAYS_SEARCH_USER_PATHS = NO;
				ASSETCATALOG_COMPILER_GENERATE_SWIFT_ASSET_SYMBOL_EXTENSIONS = YES;
				CLANG_ANALYZER_NONNULL = YES;
				CLANG_ANALYZER_NUMBER_OBJECT_CONVERSION = YES_AGGRESSIVE;
				CLANG_CXX_LANGUAGE_STANDARD = "gnu++20";
				CLANG_ENABLE_MODULES = YES;
				CLANG_ENABLE_OBJC_ARC = YES;
				CLANG_ENABLE_OBJC_WEAK = YES;
				CLANG_WARN_BLOCK_CAPTURE_AUTORELEASING = YES;
				CLANG_WARN_BOOL_CONVERSION = YES;
				CLANG_WARN_COMMA = YES;
				CLANG_WARN_CONSTANT_CONVERSION = YES;
				CLANG_WARN_DEPRECATED_OBJC_IMPLEMENTATIONS = YES;
				CLANG_WARN_DIRECT_OBJC_ISA_USAGE = YES_ERROR;
				CLANG_WARN_DOCUMENTATION_COMMENTS = YES;
				CLANG_WARN_EMPTY_BODY = YES;
				CLANG_WARN_ENUM_CONVERSION = YES;
				CLANG_WARN_INFINITE_RECURSION = YES;
				CLANG_WARN_INT_CONVERSION = YES;
				CLANG_WARN_NON_LITERAL_NULL_CONVERSION = YES;
				CLANG_WARN_OBJC_IMPLICIT_RETAIN_SELF = YES;
				CLANG_WARN_OBJC_LITERAL_CONVERSION = YES;
				CLANG_WARN_OBJC_ROOT_CLASS = YES_ERROR;
				CLANG_WARN_QUOTED_INCLUDE_IN_FRAMEWORK_HEADER = YES;
				CLANG_WARN_RANGE_LOOP_ANALYSIS = YES;
				CLANG_WARN_STRICT_PROTOTYPES = YES;
				CLANG_WARN_SUSPICIOUS_MOVE = YES;
				CLANG_WARN_UNGUARDED_AVAILABILITY = YES_AGGRESSIVE;
				CLANG_WARN_UNREACHABLE_CODE = YES;
				CLANG_WARN__DUPLICATE_METHOD_MATCH = YES;
				COPY_PHASE_STRIP = NO;
				DEBUG_INFORMATION_FORMAT = "dwarf-with-dsym";
				ENABLE_NS_ASSERTIONS = NO;
				ENABLE_STRICT_OBJC_MSGSEND = YES;
				ENABLE_USER_SCRIPT_SANDBOXING = YES;
				GCC_C_LANGUAGE_STANDARD = gnu17;
				GCC_NO_COMMON_BLOCKS = YES;
				GCC_WARN_64_TO_32_BIT_CONVERSION = YES;
				GCC_WARN_ABOUT_RETURN_TYPE = YES_ERROR;
				GCC_WARN_UNDECLARED_SELECTOR = YES;
				GCC_WARN_UNINITIALIZED_AUTOS = YES_AGGRESSIVE;
				GCC_WARN_UNUSED_FUNCTION = YES;
				GCC_WARN_UNUSED_VARIABLE = YES;
				IPHONEOS_DEPLOYMENT_TARGET = 17.2;
				LOCALIZATION_PREFERS_STRING_CATALOGS = YES;
				MTL_ENABLE_DEBUG_INFO = NO;
				MTL_FAST_MATH = YES;
				SDKROOT = iphoneos;
				SWIFT_COMPILATION_MODE = wholemodule;
				VALIDATE_PRODUCT = YES;
			};
			name = Release;
		};
		8D10B5CA2B2F0ADA006E8158 /* Debug */ = {
			isa = XCBuildConfiguration;
			buildSettings = {
				ASSETCATALOG_COMPILER_APPICON_NAME = AppIcon;
				ASSETCATALOG_COMPILER_GLOBAL_ACCENT_COLOR_NAME = AccentColor;
				CODE_SIGN_STYLE = Automatic;
				CURRENT_PROJECT_VERSION = 1;
				GENERATE_INFOPLIST_FILE = YES;
				INFOPLIST_FILE = NewsApp/Info.plist;
				INFOPLIST_KEY_UIApplicationSupportsIndirectInputEvents = YES;
				INFOPLIST_KEY_UILaunchStoryboardName = LaunchScreen;
				INFOPLIST_KEY_UISupportedInterfaceOrientations_iPad = "UIInterfaceOrientationPortrait UIInterfaceOrientationPortraitUpsideDown UIInterfaceOrientationLandscapeLeft UIInterfaceOrientationLandscapeRight";
				INFOPLIST_KEY_UISupportedInterfaceOrientations_iPhone = "UIInterfaceOrientationPortrait UIInterfaceOrientationLandscapeLeft UIInterfaceOrientationLandscapeRight";
				LD_RUNPATH_SEARCH_PATHS = (
					"$(inherited)",
					"@executable_path/Frameworks",
				);
				MARKETING_VERSION = 1.0;
				PRODUCT_BUNDLE_IDENTIFIER = com.Sauron.NewsApp;
				PRODUCT_NAME = "$(TARGET_NAME)";
				SWIFT_EMIT_LOC_STRINGS = YES;
				SWIFT_VERSION = 5.0;
				TARGETED_DEVICE_FAMILY = "1,2";
			};
			name = Debug;
		};
		8D10B5CB2B2F0ADA006E8158 /* Release */ = {
			isa = XCBuildConfiguration;
			buildSettings = {
				ASSETCATALOG_COMPILER_APPICON_NAME = AppIcon;
				ASSETCATALOG_COMPILER_GLOBAL_ACCENT_COLOR_NAME = AccentColor;
				CODE_SIGN_STYLE = Automatic;
				CURRENT_PROJECT_VERSION = 1;
				GENERATE_INFOPLIST_FILE = YES;
				INFOPLIST_FILE = NewsApp/Info.plist;
				INFOPLIST_KEY_UIApplicationSupportsIndirectInputEvents = YES;
				INFOPLIST_KEY_UILaunchStoryboardName = LaunchScreen;
				INFOPLIST_KEY_UISupportedInterfaceOrientations_iPad = "UIInterfaceOrientationPortrait UIInterfaceOrientationPortraitUpsideDown UIInterfaceOrientationLandscapeLeft UIInterfaceOrientationLandscapeRight";
				INFOPLIST_KEY_UISupportedInterfaceOrientations_iPhone = "UIInterfaceOrientationPortrait UIInterfaceOrientationLandscapeLeft UIInterfaceOrientationLandscapeRight";
				LD_RUNPATH_SEARCH_PATHS = (
					"$(inherited)",
					"@executable_path/Frameworks",
				);
				MARKETING_VERSION = 1.0;
				PRODUCT_BUNDLE_IDENTIFIER = com.Sauron.NewsApp;
				PRODUCT_NAME = "$(TARGET_NAME)";
				SWIFT_EMIT_LOC_STRINGS = YES;
				SWIFT_VERSION = 5.0;
				TARGETED_DEVICE_FAMILY = "1,2";
			};
			name = Release;
		};
/* End XCBuildConfiguration section */

/* Begin XCConfigurationList section */
		8D10B5B02B2F0AD9006E8158 /* Build configuration list for PBXProject "NewsApp" */ = {
			isa = XCConfigurationList;
			buildConfigurations = (
				8D10B5C72B2F0ADA006E8158 /* Debug */,
				8D10B5C82B2F0ADA006E8158 /* Release */,
			);
			defaultConfigurationIsVisible = 0;
			defaultConfigurationName = Release;
		};
		8D10B5C92B2F0ADA006E8158 /* Build configuration list for PBXNativeTarget "NewsApp" */ = {
			isa = XCConfigurationList;
			buildConfigurations = (
				8D10B5CA2B2F0ADA006E8158 /* Debug */,
				8D10B5CB2B2F0ADA006E8158 /* Release */,
			);
			defaultConfigurationIsVisible = 0;
			defaultConfigurationName = Release;
		};
/* End XCConfigurationList section */

/* Begin XCRemoteSwiftPackageReference section */
		8D10B5D22B2FD904006E8158 /* XCRemoteSwiftPackageReference "SnapKit" */ = {
			isa = XCRemoteSwiftPackageReference;
			repositoryURL = "https://github.com/SnapKit/SnapKit";
			requirement = {
				kind = upToNextMajorVersion;
				minimumVersion = 5.6.0;
			};
		};
/* End XCRemoteSwiftPackageReference section */

/* Begin XCSwiftPackageProductDependency section */
		8D10B5D32B2FD905006E8158 /* SnapKit */ = {
			isa = XCSwiftPackageProductDependency;
			package = 8D10B5D22B2FD904006E8158 /* XCRemoteSwiftPackageReference "SnapKit" */;
			productName = SnapKit;
		};
		8D10B5D52B2FD905006E8158 /* SnapKit-Dynamic */ = {
			isa = XCSwiftPackageProductDependency;
			package = 8D10B5D22B2FD904006E8158 /* XCRemoteSwiftPackageReference "SnapKit" */;
			productName = "SnapKit-Dynamic";
		};
/* End XCSwiftPackageProductDependency section */
	};
	rootObject = 8D10B5AD2B2F0AD9006E8158 /* Project object */;
}
